
Microsoft Visual Studio Solution File, Format Version 12.00
# Visual Studio Version 17
VisualStudioVersion = 17.4.33403.182
MinimumVisualStudioVersion = 10.0.40219.1
Project("{FAE04EC0-301F-11D3-BF4B-00C04F79EFBC}") = "MonitorSwitch", "MonitorSwitch\MonitorSwitch.csproj", "{A3CDF92D-F838-44D0-87D6-B02EE8073A2B}"
EndProject
Global
	GlobalSection(SolutionConfigurationPlatforms) = preSolution
		Debug|Any CPU = Debug|Any CPU
		Release|Any CPU = Release|Any CPU
	EndGlobalSection
	GlobalSection(ProjectConfigurationPlatforms) = postSolution
		{A3CDF92D-F838-44D0-87D6-B02EE8073A2B}.Debug|Any CPU.ActiveCfg = Debug|Any CPU
		{A3CDF92D-F838-44D0-87D6-B02EE8073A2B}.Debug|Any CPU.Build.0 = Debug|Any CPU
		{A3CDF92D-F838-44D0-87D6-B02EE8073A2B}.Release|Any CPU.ActiveCfg = Release|Any CPU
		{A3CDF92D-F838-44D0-87D6-B02EE8073A2B}.Release|Any CPU.Build.0 = Release|Any CPU
	EndGlobalSection
	GlobalSection(SolutionProperties) = preSolution
		HideSolutionNode = FALSE
	EndGlobalSection
	GlobalSection(ExtensibilityGlobals) = postSolution
		SolutionGuid = {02C0EF12-10F7-455E-B0A5-5C6E7A2BD463}
	EndGlobalSection
EndGlobal
